
Microsoft Visual Studio Solution File, Format Version 12.00
# Visual Studio Version 17
VisualStudioVersion = 17.0.31903.59
MinimumVisualStudioVersion = 10.0.40219.1
Project("{FAE04EC0-301F-11D3-BF4B-00C04F79EFBC}") = "OnlineStore.Api", "OnlineStore.Api\OnlineStore.Api.csproj", "{68E3E424-841F-4135-B0E1-D4E6A12C40F1}"
EndProject
Project("{FAE04EC0-301F-11D3-BF4B-00C04F79EFBC}") = "OnlineStore.Application", "OnlineStore.Application\OnlineStore.Application.csproj", "{63BC5BAC-D1C8-4B55-B717-E8054BAF4F9A}"
EndProject
Project("{FAE04EC0-301F-11D3-BF4B-00C04F79EFBC}") = "OnlineStore.Domain", "OnlineStore.Domain\OnlineStore.Domain.csproj", "{41182E9B-6867-46B9-B483-0ADC89B16536}"
EndProject
Project("{FAE04EC0-301F-11D3-BF4B-00C04F79EFBC}") = "OnlineStore.Infrastructure", "OnlineStore.Infrastructure\OnlineStore.Infrastructure.csproj", "{EA6F2CDA-FC3B-4028-A7BE-0A692B0FCFF9}"
EndProject
Global
	GlobalSection(SolutionConfigurationPlatforms) = preSolution
		Debug|Any CPU = Debug|Any CPU
		Release|Any CPU = Release|Any CPU
	EndGlobalSection
	GlobalSection(SolutionProperties) = preSolution
		HideSolutionNode = FALSE
	EndGlobalSection
	GlobalSection(ProjectConfigurationPlatforms) = postSolution
		{68E3E424-841F-4135-B0E1-D4E6A12C40F1}.Debug|Any CPU.ActiveCfg = Debug|Any CPU
		{68E3E424-841F-4135-B0E1-D4E6A12C40F1}.Debug|Any CPU.Build.0 = Debug|Any CPU
		{68E3E424-841F-4135-B0E1-D4E6A12C40F1}.Release|Any CPU.ActiveCfg = Release|Any CPU
		{68E3E424-841F-4135-B0E1-D4E6A12C40F1}.Release|Any CPU.Build.0 = Release|Any CPU
		{63BC5BAC-D1C8-4B55-B717-E8054BAF4F9A}.Debug|Any CPU.ActiveCfg = Debug|Any CPU
		{63BC5BAC-D1C8-4B55-B717-E8054BAF4F9A}.Debug|Any CPU.Build.0 = Debug|Any CPU
		{63BC5BAC-D1C8-4B55-B717-E8054BAF4F9A}.Release|Any CPU.ActiveCfg = Release|Any CPU
		{63BC5BAC-D1C8-4B55-B717-E8054BAF4F9A}.Release|Any CPU.Build.0 = Release|Any CPU
		{8695AF31-BB65-4058-86E4-6E083D3B0B4A}.Debug|Any CPU.ActiveCfg = Debug|Any CPU
		{8695AF31-BB65-4058-86E4-6E083D3B0B4A}.Debug|Any CPU.Build.0 = Debug|Any CPU
		{8695AF31-BB65-4058-86E4-6E083D3B0B4A}.Release|Any CPU.ActiveCfg = Release|Any CPU
		{8695AF31-BB65-4058-86E4-6E083D3B0B4A}.Release|Any CPU.Build.0 = Release|Any CPU
		{41182E9B-6867-46B9-B483-0ADC89B16536}.Debug|Any CPU.ActiveCfg = Debug|Any CPU
		{41182E9B-6867-46B9-B483-0ADC89B16536}.Debug|Any CPU.Build.0 = Debug|Any CPU
		{41182E9B-6867-46B9-B483-0ADC89B16536}.Release|Any CPU.ActiveCfg = Release|Any CPU
		{41182E9B-6867-46B9-B483-0ADC89B16536}.Release|Any CPU.Build.0 = Release|Any CPU
		{EA6F2CDA-FC3B-4028-A7BE-0A692B0FCFF9}.Debug|Any CPU.ActiveCfg = Debug|Any CPU
		{EA6F2CDA-FC3B-4028-A7BE-0A692B0FCFF9}.Debug|Any CPU.Build.0 = Debug|Any CPU
		{EA6F2CDA-FC3B-4028-A7BE-0A692B0FCFF9}.Release|Any CPU.ActiveCfg = Release|Any CPU
		{EA6F2CDA-FC3B-4028-A7BE-0A692B0FCFF9}.Release|Any CPU.Build.0 = Release|Any CPU
	EndGlobalSection
EndGlobal
